
Microsoft Visual Studio Solution File, Format Version 12.00
# Visual Studio 15
VisualStudioVersion = 15.0.26124.0
MinimumVisualStudioVersion = 15.0.26124.0
Project("{2150E333-8FDC-42A3-9474-1A3956D46DE8}") = "src", "src", "{3F9BB5DC-F5D2-4819-9125-A871F9E9ECBC}"
EndProject
Project("{2150E333-8FDC-42A3-9474-1A3956D46DE8}") = "test", "test", "{72F96D72-1874-40BB-B98E-F989CFCE0D09}"
EndProject
Project("{9A19103F-16F7-4668-BE54-9A1E7A4F7556}") = "PhotoShop.Core", "src\PhotoShop.Core\PhotoShop.Core.csproj", "{C23F0136-3C9B-4A08-A29E-B3B700C6758C}"
EndProject
Project("{9A19103F-16F7-4668-BE54-9A1E7A4F7556}") = "PhotoShop.Infrastructure", "src\PhotoShop.Infrastructure\PhotoShop.Infrastructure.csproj", "{06A9399F-750D-429A-9F10-4D0BBF85EE6C}"
EndProject
Project("{9A19103F-16F7-4668-BE54-9A1E7A4F7556}") = "PhotoShop.API", "src\PhotoShop.API\PhotoShop.API.csproj", "{DF0ED80D-6A58-4D38-A804-294AEAF11792}"
EndProject
Project("{9A19103F-16F7-4668-BE54-9A1E7A4F7556}") = "PhotoShop.SPA", "src\PhotoShop.SPA\PhotoShop.SPA.csproj", "{F471F4F3-268F-48BB-9FBA-E2FEE0D49D58}"
EndProject
Project("{9A19103F-16F7-4668-BE54-9A1E7A4F7556}") = "Builders", "test\Builders\Builders.csproj", "{63FC0321-4174-4472-9868-36518FAC9621}"
EndProject
Project("{9A19103F-16F7-4668-BE54-9A1E7A4F7556}") = "IntegrationTests", "test\IntegrationTests\IntegrationTests.csproj", "{0AF344FF-2164-4273-9657-25C116BEC0F8}"
EndProject
Project("{9A19103F-16F7-4668-BE54-9A1E7A4F7556}") = "LightweightPerformanceTests", "test\LightweightPerformanceTests\LightweightPerformanceTests.csproj", "{A4209E94-0EB8-4BF6-B58C-AAA84889F4CC}"
EndProject
Project("{9A19103F-16F7-4668-BE54-9A1E7A4F7556}") = "UnitTests", "test\UnitTests\UnitTests.csproj", "{9DE3F90C-4F60-4881-AD74-F5236D6792B5}"
EndProject
Global
	GlobalSection(SolutionConfigurationPlatforms) = preSolution
		Debug|Any CPU = Debug|Any CPU
		Debug|x64 = Debug|x64
		Debug|x86 = Debug|x86
		Release|Any CPU = Release|Any CPU
		Release|x64 = Release|x64
		Release|x86 = Release|x86
	EndGlobalSection
	GlobalSection(ProjectConfigurationPlatforms) = postSolution
		{C23F0136-3C9B-4A08-A29E-B3B700C6758C}.Debug|Any CPU.ActiveCfg = Debug|Any CPU
		{C23F0136-3C9B-4A08-A29E-B3B700C6758C}.Debug|Any CPU.Build.0 = Debug|Any CPU
		{C23F0136-3C9B-4A08-A29E-B3B700C6758C}.Debug|x64.ActiveCfg = Debug|Any CPU
		{C23F0136-3C9B-4A08-A29E-B3B700C6758C}.Debug|x64.Build.0 = Debug|Any CPU
		{C23F0136-3C9B-4A08-A29E-B3B700C6758C}.Debug|x86.ActiveCfg = Debug|Any CPU
		{C23F0136-3C9B-4A08-A29E-B3B700C6758C}.Debug|x86.Build.0 = Debug|Any CPU
		{C23F0136-3C9B-4A08-A29E-B3B700C6758C}.Release|Any CPU.ActiveCfg = Release|Any CPU
		{C23F0136-3C9B-4A08-A29E-B3B700C6758C}.Release|Any CPU.Build.0 = Release|Any CPU
		{C23F0136-3C9B-4A08-A29E-B3B700C6758C}.Release|x64.ActiveCfg = Release|Any CPU
		{C23F0136-3C9B-4A08-A29E-B3B700C6758C}.Release|x64.Build.0 = Release|Any CPU
		{C23F0136-3C9B-4A08-A29E-B3B700C6758C}.Release|x86.ActiveCfg = Release|Any CPU
		{C23F0136-3C9B-4A08-A29E-B3B700C6758C}.Release|x86.Build.0 = Release|Any CPU
		{06A9399F-750D-429A-9F10-4D0BBF85EE6C}.Debug|Any CPU.ActiveCfg = Debug|Any CPU
		{06A9399F-750D-429A-9F10-4D0BBF85EE6C}.Debug|Any CPU.Build.0 = Debug|Any CPU
		{06A9399F-750D-429A-9F10-4D0BBF85EE6C}.Debug|x64.ActiveCfg = Debug|Any CPU
		{06A9399F-750D-429A-9F10-4D0BBF85EE6C}.Debug|x64.Build.0 = Debug|Any CPU
		{06A9399F-750D-429A-9F10-4D0BBF85EE6C}.Debug|x86.ActiveCfg = Debug|Any CPU
		{06A9399F-750D-429A-9F10-4D0BBF85EE6C}.Debug|x86.Build.0 = Debug|Any CPU
		{06A9399F-750D-429A-9F10-4D0BBF85EE6C}.Release|Any CPU.ActiveCfg = Release|Any CPU
		{06A9399F-750D-429A-9F10-4D0BBF85EE6C}.Release|Any CPU.Build.0 = Release|Any CPU
		{06A9399F-750D-429A-9F10-4D0BBF85EE6C}.Release|x64.ActiveCfg = Release|Any CPU
		{06A9399F-750D-429A-9F10-4D0BBF85EE6C}.Release|x64.Build.0 = Release|Any CPU
		{06A9399F-750D-429A-9F10-4D0BBF85EE6C}.Release|x86.ActiveCfg = Release|Any CPU
		{06A9399F-750D-429A-9F10-4D0BBF85EE6C}.Release|x86.Build.0 = Release|Any CPU
		{DF0ED80D-6A58-4D38-A804-294AEAF11792}.Debug|Any CPU.ActiveCfg = Debug|Any CPU
		{DF0ED80D-6A58-4D38-A804-294AEAF11792}.Debug|Any CPU.Build.0 = Debug|Any CPU
		{DF0ED80D-6A58-4D38-A804-294AEAF11792}.Debug|x64.ActiveCfg = Debug|Any CPU
		{DF0ED80D-6A58-4D38-A804-294AEAF11792}.Debug|x64.Build.0 = Debug|Any CPU
		{DF0ED80D-6A58-4D38-A804-294AEAF11792}.Debug|x86.ActiveCfg = Debug|Any CPU
		{DF0ED80D-6A58-4D38-A804-294AEAF11792}.Debug|x86.Build.0 = Debug|Any CPU
		{DF0ED80D-6A58-4D38-A804-294AEAF11792}.Release|Any CPU.ActiveCfg = Release|Any CPU
		{DF0ED80D-6A58-4D38-A804-294AEAF11792}.Release|Any CPU.Build.0 = Release|Any CPU
		{DF0ED80D-6A58-4D38-A804-294AEAF11792}.Release|x64.ActiveCfg = Release|Any CPU
		{DF0ED80D-6A58-4D38-A804-294AEAF11792}.Release|x64.Build.0 = Release|Any CPU
		{DF0ED80D-6A58-4D38-A804-294AEAF11792}.Release|x86.ActiveCfg = Release|Any CPU
		{DF0ED80D-6A58-4D38-A804-294AEAF11792}.Release|x86.Build.0 = Release|Any CPU
		{F471F4F3-268F-48BB-9FBA-E2FEE0D49D58}.Debug|Any CPU.ActiveCfg = Debug|Any CPU
		{F471F4F3-268F-48BB-9FBA-E2FEE0D49D58}.Debug|Any CPU.Build.0 = Debug|Any CPU
		{F471F4F3-268F-48BB-9FBA-E2FEE0D49D58}.Debug|x64.ActiveCfg = Debug|Any CPU
		{F471F4F3-268F-48BB-9FBA-E2FEE0D49D58}.Debug|x64.Build.0 = Debug|Any CPU
		{F471F4F3-268F-48BB-9FBA-E2FEE0D49D58}.Debug|x86.ActiveCfg = Debug|Any CPU
		{F471F4F3-268F-48BB-9FBA-E2FEE0D49D58}.Debug|x86.Build.0 = Debug|Any CPU
		{F471F4F3-268F-48BB-9FBA-E2FEE0D49D58}.Release|Any CPU.ActiveCfg = Release|Any CPU
		{F471F4F3-268F-48BB-9FBA-E2FEE0D49D58}.Release|Any CPU.Build.0 = Release|Any CPU
		{F471F4F3-268F-48BB-9FBA-E2FEE0D49D58}.Release|x64.ActiveCfg = Release|Any CPU
		{F471F4F3-268F-48BB-9FBA-E2FEE0D49D58}.Release|x64.Build.0 = Release|Any CPU
		{F471F4F3-268F-48BB-9FBA-E2FEE0D49D58}.Release|x86.ActiveCfg = Release|Any CPU
		{F471F4F3-268F-48BB-9FBA-E2FEE0D49D58}.Release|x86.Build.0 = Release|Any CPU
		{63FC0321-4174-4472-9868-36518FAC9621}.Debug|Any CPU.ActiveCfg = Debug|Any CPU
		{63FC0321-4174-4472-9868-36518FAC9621}.Debug|Any CPU.Build.0 = Debug|Any CPU
		{63FC0321-4174-4472-9868-36518FAC9621}.Debug|x64.ActiveCfg = Debug|Any CPU
		{63FC0321-4174-4472-9868-36518FAC9621}.Debug|x64.Build.0 = Debug|Any CPU
		{63FC0321-4174-4472-9868-36518FAC9621}.Debug|x86.ActiveCfg = Debug|Any CPU
		{63FC0321-4174-4472-9868-36518FAC9621}.Debug|x86.Build.0 = Debug|Any CPU
		{63FC0321-4174-4472-9868-36518FAC9621}.Release|Any CPU.ActiveCfg = Release|Any CPU
		{63FC0321-4174-4472-9868-36518FAC9621}.Release|Any CPU.Build.0 = Release|Any CPU
		{63FC0321-4174-4472-9868-36518FAC9621}.Release|x64.ActiveCfg = Release|Any CPU
		{63FC0321-4174-4472-9868-36518FAC9621}.Release|x64.Build.0 = Release|Any CPU
		{63FC0321-4174-4472-9868-36518FAC9621}.Release|x86.ActiveCfg = Release|Any CPU
		{63FC0321-4174-4472-9868-36518FAC9621}.Release|x86.Build.0 = Release|Any CPU
		{0AF344FF-2164-4273-9657-25C116BEC0F8}.Debug|Any CPU.ActiveCfg = Debug|Any CPU
		{0AF344FF-2164-4273-9657-25C116BEC0F8}.Debug|Any CPU.Build.0 = Debug|Any CPU
		{0AF344FF-2164-4273-9657-25C116BEC0F8}.Debug|x64.ActiveCfg = Debug|Any CPU
		{0AF344FF-2164-4273-9657-25C116BEC0F8}.Debug|x64.Build.0 = Debug|Any CPU
		{0AF344FF-2164-4273-9657-25C116BEC0F8}.Debug|x86.ActiveCfg = Debug|Any CPU
		{0AF344FF-2164-4273-9657-25C116BEC0F8}.Debug|x86.Build.0 = Debug|Any CPU
		{0AF344FF-2164-4273-9657-25C116BEC0F8}.Release|Any CPU.ActiveCfg = Release|Any CPU
		{0AF344FF-2164-4273-9657-25C116BEC0F8}.Release|Any CPU.Build.0 = Release|Any CPU
		{0AF344FF-2164-4273-9657-25C116BEC0F8}.Release|x64.ActiveCfg = Release|Any CPU
		{0AF344FF-2164-4273-9657-25C116BEC0F8}.Release|x64.Build.0 = Release|Any CPU
		{0AF344FF-2164-4273-9657-25C116BEC0F8}.Release|x86.ActiveCfg = Release|Any CPU
		{0AF344FF-2164-4273-9657-25C116BEC0F8}.Release|x86.Build.0 = Release|Any CPU
		{A4209E94-0EB8-4BF6-B58C-AAA84889F4CC}.Debug|Any CPU.ActiveCfg = Debug|Any CPU
		{A4209E94-0EB8-4BF6-B58C-AAA84889F4CC}.Debug|Any CPU.Build.0 = Debug|Any CPU
		{A4209E94-0EB8-4BF6-B58C-AAA84889F4CC}.Debug|x64.ActiveCfg = Debug|Any CPU
		{A4209E94-0EB8-4BF6-B58C-AAA84889F4CC}.Debug|x64.Build.0 = Debug|Any CPU
		{A4209E94-0EB8-4BF6-B58C-AAA84889F4CC}.Debug|x86.ActiveCfg = Debug|Any CPU
		{A4209E94-0EB8-4BF6-B58C-AAA84889F4CC}.Debug|x86.Build.0 = Debug|Any CPU
		{A4209E94-0EB8-4BF6-B58C-AAA84889F4CC}.Release|Any CPU.ActiveCfg = Release|Any CPU
		{A4209E94-0EB8-4BF6-B58C-AAA84889F4CC}.Release|Any CPU.Build.0 = Release|Any CPU
		{A4209E94-0EB8-4BF6-B58C-AAA84889F4CC}.Release|x64.ActiveCfg = Release|Any CPU
		{A4209E94-0EB8-4BF6-B58C-AAA84889F4CC}.Release|x64.Build.0 = Release|Any CPU
		{A4209E94-0EB8-4BF6-B58C-AAA84889F4CC}.Release|x86.ActiveCfg = Release|Any CPU
		{A4209E94-0EB8-4BF6-B58C-AAA84889F4CC}.Release|x86.Build.0 = Release|Any CPU
		{9DE3F90C-4F60-4881-AD74-F5236D6792B5}.Debug|Any CPU.ActiveCfg = Debug|Any CPU
		{9DE3F90C-4F60-4881-AD74-F5236D6792B5}.Debug|Any CPU.Build.0 = Debug|Any CPU
		{9DE3F90C-4F60-4881-AD74-F5236D6792B5}.Debug|x64.ActiveCfg = Debug|Any CPU
		{9DE3F90C-4F60-4881-AD74-F5236D6792B5}.Debug|x64.Build.0 = Debug|Any CPU
		{9DE3F90C-4F60-4881-AD74-F5236D6792B5}.Debug|x86.ActiveCfg = Debug|Any CPU
		{9DE3F90C-4F60-4881-AD74-F5236D6792B5}.Debug|x86.Build.0 = Debug|Any CPU
		{9DE3F90C-4F60-4881-AD74-F5236D6792B5}.Release|Any CPU.ActiveCfg = Release|Any CPU
		{9DE3F90C-4F60-4881-AD74-F5236D6792B5}.Release|Any CPU.Build.0 = Release|Any CPU
		{9DE3F90C-4F60-4881-AD74-F5236D6792B5}.Release|x64.ActiveCfg = Release|Any CPU
		{9DE3F90C-4F60-4881-AD74-F5236D6792B5}.Release|x64.Build.0 = Release|Any CPU
		{9DE3F90C-4F60-4881-AD74-F5236D6792B5}.Release|x86.ActiveCfg = Release|Any CPU
		{9DE3F90C-4F60-4881-AD74-F5236D6792B5}.Release|x86.Build.0 = Release|Any CPU
	EndGlobalSection
	GlobalSection(SolutionProperties) = preSolution
		HideSolutionNode = FALSE
	EndGlobalSection
	GlobalSection(NestedProjects) = preSolution
		{C23F0136-3C9B-4A08-A29E-B3B700C6758C} = {3F9BB5DC-F5D2-4819-9125-A871F9E9ECBC}
		{06A9399F-750D-429A-9F10-4D0BBF85EE6C} = {3F9BB5DC-F5D2-4819-9125-A871F9E9ECBC}
		{DF0ED80D-6A58-4D38-A804-294AEAF11792} = {3F9BB5DC-F5D2-4819-9125-A871F9E9ECBC}
		{F471F4F3-268F-48BB-9FBA-E2FEE0D49D58} = {3F9BB5DC-F5D2-4819-9125-A871F9E9ECBC}
		{63FC0321-4174-4472-9868-36518FAC9621} = {72F96D72-1874-40BB-B98E-F989CFCE0D09}
		{0AF344FF-2164-4273-9657-25C116BEC0F8} = {72F96D72-1874-40BB-B98E-F989CFCE0D09}
		{A4209E94-0EB8-4BF6-B58C-AAA84889F4CC} = {72F96D72-1874-40BB-B98E-F989CFCE0D09}
		{9DE3F90C-4F60-4881-AD74-F5236D6792B5} = {72F96D72-1874-40BB-B98E-F989CFCE0D09}
	EndGlobalSection
	GlobalSection(ExtensibilityGlobals) = postSolution
		SolutionGuid = {6237B0C4-C6A8-46DB-B9DF-FB2BBE0C4819}
	EndGlobalSection
EndGlobal
